<?xml version="1.0" encoding="utf-8"?>
<Project ToolsVersion="4.0" xmlns="http://schemas.microsoft.com/developer/msbuild/2003">
  <ItemGroup>
    <Filter Include="TipsAndTricks">
      <UniqueIdentifier>{4FC737F1-C7A5-4376-A066-2A32D752A2FF}</UniqueIdentifier>
      <Extensions>cpp;c;cc;cxx;c++;cppm;ixx;def;odl;idl;hpj;bat;asm;asmx</Extensions>
    </Filter>
    <Filter Include="pmr">
      <UniqueIdentifier>{3c3d578e-4b2c-4b37-b2c4-510c3ca86670}</UniqueIdentifier>
    </Filter>
    <Filter Include="BetterBranchPredictor">
      <UniqueIdentifier>{8da3558f-1d3e-4eb7-838f-5b043c2b254d}</UniqueIdentifier>
    </Filter>
    <Filter Include="ImageProcessing">
      <UniqueIdentifier>{ec62456f-e820-451c-acff-61f9cd0666a1}</UniqueIdentifier>
    </Filter>
    <Filter Include="IO">
      <UniqueIdentifier>{d6902db1-72dc-48c5-8b0d-7898ff4f02e4}</UniqueIdentifier>
    </Filter>
    <Filter Include="Memory">
      <UniqueIdentifier>{c7972aed-2212-4d8b-a77e-7f6da6058a37}</UniqueIdentifier>
    </Filter>
    <Filter Include="Parsing">
      <UniqueIdentifier>{3e323213-032d-40ee-becd-2d892d79e9f7}</UniqueIdentifier>
    </Filter>
    <Filter Include="Helper">
      <UniqueIdentifier>{aa598c5a-29a2-493b-b34d-19675668e808}</UniqueIdentifier>
    </Filter>
    <Filter Include="Atomic">
      <UniqueIdentifier>{c5a56c25-eafe-4861-80a2-4fe26c87bda7}</UniqueIdentifier>
    </Filter>
  </ItemGroup>
  <ItemGroup>
    <ClCompile Include="Source.cpp">
      <Filter>TipsAndTricks</Filter>
    </ClCompile>
    <ClCompile Include="Parsing\Parsing1.h">
      <Filter>Parsing</Filter>
    </ClCompile>
  </ItemGroup>
  <ItemGroup>
    <ClInclude Include="exp1.h">
      <Filter>TipsAndTricks</Filter>
    </ClInclude>
    <ClInclude Include="Tips101.h">
      <Filter>TipsAndTricks</Filter>
    </ClInclude>
    <ClInclude Include="BranchLessProgramming.h">
      <Filter>TipsAndTricks</Filter>
    </ClInclude>
    <ClInclude Include="01_pmr.h">
      <Filter>pmr</Filter>
    </ClInclude>
    <ClInclude Include="01BranchPredictions.h">
      <Filter>BetterBranchPredictor</Filter>
    </ClInclude>
    <ClInclude Include="ip01.h">
      <Filter>ImageProcessing</Filter>
    </ClInclude>
    <ClInclude Include="OFast.h" />
    <ClInclude Include="LazyPrValue.h">
      <Filter>TipsAndTricks</Filter>
    </ClInclude>
    <ClInclude Include="File_io.h">
      <Filter>IO</Filter>
    </ClInclude>
    <ClInclude Include="How_to_reconstruct_type.h">
      <Filter>IO</Filter>
    </ClInclude>
    <ClInclude Include="Tricks1.h">
      <Filter>BetterBranchPredictor</Filter>
    </ClInclude>
    <ClInclude Include="Memory\Memory1.h">
      <Filter>Memory</Filter>
    </ClInclude>
    <ClInclude Include="Fast_Iteration\FastIteration.h">
      <Filter>Memory</Filter>
    </ClInclude>
    <ClInclude Include="Helper\simplify.h">
      <Filter>Helper</Filter>
    </ClInclude>
    <ClInclude Include="Atomic\a1.h">
      <Filter>Atomic</Filter>
    </ClInclude>
    <ClInclude Include="New\N1.h" />
    <ClInclude Include="Memory\Memory2.h" />
    <ClInclude Include="Floating_point_numbers\floating_points1.h" />
    <ClInclude Include="inclusive_scan_bench.h" />
  </ItemGroup>
  <ItemGroup>
    <None Include="FastMemory1.md">
      <Filter>TipsAndTricks</Filter>
    </None>
    <None Include="vcpkg.json" />
    <None Include="Reame.md" />
    <None Include="Memory\Readme.md">
      <Filter>Memory</Filter>
    </None>
    <None Include="Understanding_Performance.md">
      <Filter>Memory</Filter>
    </None>
    <None Include="Memory\memory1.md">
      <Filter>Memory</Filter>
    </None>
    <None Include="New\new.md" />
    <None Include="Memory\DirectMemory.md">
      <Filter>Memory</Filter>
    </None>
    <None Include="Memory\LifeTime.md">
      <Filter>Memory</Filter>
    </None>
  </ItemGroup>
</Project>