<?xml version="1.0" encoding="utf-8"?>
<Project ToolsVersion="4.0" xmlns="http://schemas.microsoft.com/developer/msbuild/2003">
  <ItemGroup>
    <Filter Include="Source Files">
      <UniqueIdentifier>{4FC737F1-C7A5-4376-A066-2A32D752A2FF}</UniqueIdentifier>
      <Extensions>cpp;c;cc;cxx;c++;cppm;ixx;def;odl;idl;hpj;bat;asm;asmx</Extensions>
    </Filter>
  </ItemGroup>
  <ItemGroup>
    <ClCompile Include="kata.cpp">
      <Filter>Source Files</Filter>
    </ClCompile>
  </ItemGroup>
  <ItemGroup>
    <ClInclude Include="arrays\arrays1.h" />
    <ClInclude Include="Trees\binary_trees1.h" />
    <ClInclude Include="Geometry\2dGeometry1.h" />
    <ClInclude Include="arrays\arrays2.h" />
    <ClInclude Include="Helper\simplify.h" />
    <ClInclude Include="Strings\strings1.h" />
    <ClInclude Include="Graphs\Simple_graphs_1.h" />
    <ClInclude Include="Matrix\matrix1.h" />
    <ClInclude Include="Trees\Fenwick_tree.h" />
    <ClInclude Include="DP\DP1.h" />
  </ItemGroup>
</Project>