<?xml version="1.0" encoding="utf-8"?>
<Project ToolsVersion="4.0" xmlns="http://schemas.microsoft.com/developer/msbuild/2003">
  <ItemGroup>
    <ClInclude Include="chrono\Chrono1.h" />
    <ClInclude Include="Ranges\Ranges1.h" />
    <ClInclude Include="ThreeWayOperator.h" />
    <ClInclude Include="pmr01.h" />
    <ClInclude Include="tracing_resources.h" />
    <ClInclude Include="cpp23_algorithms.h" />
    <ClInclude Include="CppKnowledge.h" />
    <ClInclude Include="mdspans.h" />
    <ClInclude Include="Ranges\Ranges2.h" />
    <ClInclude Include="Ranges\PowerRanges.h" />
    <ClInclude Include="Symbolic_Calculus.h" />
    <ClInclude Include="Cpp23_1.h" />
  </ItemGroup>
  <ItemGroup>
    <ClCompile Include="Multiversioning.h">
      <Filter>Multiversioning_in_Windows</Filter>
    </ClCompile>
    <ClCompile Include="kata.cpp" />
  </ItemGroup>
  <ItemGroup>
    <Filter Include="Multiversioning_in_Windows">
      <UniqueIdentifier>{1fe85309-7823-4687-b2a3-87a37767136d}</UniqueIdentifier>
    </Filter>
    <Filter Include="Chrono">
      <UniqueIdentifier>{0b0547f2-5d46-4cb7-8b21-b5da0e32dd81}</UniqueIdentifier>
    </Filter>
  </ItemGroup>
  <ItemGroup>
    <None Include="vcpkg.json" />
    <None Include="chrono\Readme.md" />
  </ItemGroup>
  <ItemGroup>
    <Image Include="images\clocks.png" />
  </ItemGroup>
</Project>